// !$*UTF8*$!
{
	archiveVersion = 1;
	classes = {
	};
	objectVersion = 46;
	objects = {

/* Begin PBXBuildFile section */
		D3729B4918CA483300A1EE98 /* FMTestUser.m in Sources */ = {isa = PBXBuildFile; fileRef = D3729B4818CA483300A1EE98 /* FMTestUser.m */; };
		D3729B4B18CA48AE00A1EE98 /* IMG_2425.jpeg in Resources */ = {isa = PBXBuildFile; fileRef = D3729B4A18CA48AE00A1EE98 /* IMG_2425.jpeg */; };
		D3729B4F18CA6F8500A1EE98 /* FMMatchViewController.m in Sources */ = {isa = PBXBuildFile; fileRef = D3729B4E18CA6F8500A1EE98 /* FMMatchViewController.m */; };
		D3729B5318CA721400A1EE98 /* FMMatchesViewController.m in Sources */ = {isa = PBXBuildFile; fileRef = D3729B5218CA721400A1EE98 /* FMMatchesViewController.m */; };
		D3729BE718CA744900A1EE98 /* FMChatViewController.m in Sources */ = {isa = PBXBuildFile; fileRef = D3729BE618CA744900A1EE98 /* FMChatViewController.m */; };
		D381911B18CE4A0E008915C6 /* NSString+JSMessagesView.m in Sources */ = {isa = PBXBuildFile; fileRef = D38190CE18CE4A0D008915C6 /* NSString+JSMessagesView.m */; };
		D381911C18CE4A0E008915C6 /* UIColor+JSMessagesView.m in Sources */ = {isa = PBXBuildFile; fileRef = D38190D018CE4A0D008915C6 /* UIColor+JSMessagesView.m */; };
		D381911D18CE4A0E008915C6 /* UIImage+JSMessagesView.m in Sources */ = {isa = PBXBuildFile; fileRef = D38190D218CE4A0D008915C6 /* UIImage+JSMessagesView.m */; };
		D381911E18CE4A0E008915C6 /* JSAvatarImageFactory.m in Sources */ = {isa = PBXBuildFile; fileRef = D38190D518CE4A0D008915C6 /* JSAvatarImageFactory.m */; };
		D381911F18CE4A0E008915C6 /* JSBubbleImageViewFactory.m in Sources */ = {isa = PBXBuildFile; fileRef = D38190D718CE4A0D008915C6 /* JSBubbleImageViewFactory.m */; };
		D381912018CE4A0E008915C6 /* JSBubbleMessageCell.m in Sources */ = {isa = PBXBuildFile; fileRef = D38190D918CE4A0D008915C6 /* JSBubbleMessageCell.m */; };
		D381912118CE4A0E008915C6 /* JSBubbleView.m in Sources */ = {isa = PBXBuildFile; fileRef = D38190DB18CE4A0D008915C6 /* JSBubbleView.m */; };
		D381912218CE4A0E008915C6 /* JSDismissiveTextView.m in Sources */ = {isa = PBXBuildFile; fileRef = D38190DD18CE4A0D008915C6 /* JSDismissiveTextView.m */; };
		D381912318CE4A0E008915C6 /* JSMessageInputView.m in Sources */ = {isa = PBXBuildFile; fileRef = D38190DF18CE4A0D008915C6 /* JSMessageInputView.m */; };
		D381912418CE4A0E008915C6 /* JSMessageSoundEffect.m in Sources */ = {isa = PBXBuildFile; fileRef = D38190E118CE4A0D008915C6 /* JSMessageSoundEffect.m */; };
		D381912518CE4A0E008915C6 /* JSMessagesViewController.m in Sources */ = {isa = PBXBuildFile; fileRef = D38190E318CE4A0D008915C6 /* JSMessagesViewController.m */; };
		D381912618CE4A0E008915C6 /* JSMessageTextView.m in Sources */ = {isa = PBXBuildFile; fileRef = D38190E518CE4A0D008915C6 /* JSMessageTextView.m */; };
		D381912718CE4A0E008915C6 /* avatar-placeholder.png in Resources */ = {isa = PBXBuildFile; fileRef = D38190E918CE4A0D008915C6 /* avatar-placeholder.png */; };
		D381912818CE4A0E008915C6 /* avatar-placeholder@2x.png in Resources */ = {isa = PBXBuildFile; fileRef = D38190EA18CE4A0D008915C6 /* avatar-placeholder@2x.png */; };
		D381912918CE4A0E008915C6 /* bubble-classic-blue.png in Resources */ = {isa = PBXBuildFile; fileRef = D38190EC18CE4A0D008915C6 /* bubble-classic-blue.png */; };
		D381912A18CE4A0E008915C6 /* bubble-classic-blue@2x.png in Resources */ = {isa = PBXBuildFile; fileRef = D38190ED18CE4A0D008915C6 /* bubble-classic-blue@2x.png */; };
		D381912B18CE4A0E008915C6 /* bubble-classic-gray.png in Resources */ = {isa = PBXBuildFile; fileRef = D38190EE18CE4A0D008915C6 /* bubble-classic-gray.png */; };
		D381912C18CE4A0E008915C6 /* bubble-classic-gray@2x.png in Resources */ = {isa = PBXBuildFile; fileRef = D38190EF18CE4A0D008915C6 /* bubble-classic-gray@2x.png */; };
		D381912D18CE4A0E008915C6 /* bubble-classic-green.png in Resources */ = {isa = PBXBuildFile; fileRef = D38190F018CE4A0D008915C6 /* bubble-classic-green.png */; };
		D381912E18CE4A0E008915C6 /* bubble-classic-green@2x.png in Resources */ = {isa = PBXBuildFile; fileRef = D38190F118CE4A0D008915C6 /* bubble-classic-green@2x.png */; };
		D381912F18CE4A0E008915C6 /* bubble-classic-selected.png in Resources */ = {isa = PBXBuildFile; fileRef = D38190F218CE4A0D008915C6 /* bubble-classic-selected.png */; };
		D381913018CE4A0E008915C6 /* bubble-classic-selected@2x.png in Resources */ = {isa = PBXBuildFile; fileRef = D38190F318CE4A0D008915C6 /* bubble-classic-selected@2x.png */; };
		D381913118CE4A0E008915C6 /* bubble-classic-typing.png in Resources */ = {isa = PBXBuildFile; fileRef = D38190F418CE4A0D008915C6 /* bubble-classic-typing.png */; };
		D381913218CE4A0E008915C6 /* bubble-classic-typing@2x.png in Resources */ = {isa = PBXBuildFile; fileRef = D38190F518CE4A0D008915C6 /* bubble-classic-typing@2x.png */; };
		D381913318CE4A0E008915C6 /* bubble-classic-square-blue.png in Resources */ = {isa = PBXBuildFile; fileRef = D38190F718CE4A0D008915C6 /* bubble-classic-square-blue.png */; };
		D381913418CE4A0E008915C6 /* bubble-classic-square-blue@2x.png in Resources */ = {isa = PBXBuildFile; fileRef = D38190F818CE4A0D008915C6 /* bubble-classic-square-blue@2x.png */; };
		D381913518CE4A0E008915C6 /* bubble-classic-square-gray.png in Resources */ = {isa = PBXBuildFile; fileRef = D38190F918CE4A0D008915C6 /* bubble-classic-square-gray.png */; };
		D381913618CE4A0E008915C6 /* bubble-classic-square-gray@2x.png in Resources */ = {isa = PBXBuildFile; fileRef = D38190FA18CE4A0D008915C6 /* bubble-classic-square-gray@2x.png */; };
		D381913718CE4A0E008915C6 /* bubble-classic-square-selected.png in Resources */ = {isa = PBXBuildFile; fileRef = D38190FB18CE4A0D008915C6 /* bubble-classic-square-selected.png */; };
		D381913818CE4A0E008915C6 /* bubble-classic-square-selected@2x.png in Resources */ = {isa = PBXBuildFile; fileRef = D38190FC18CE4A0D008915C6 /* bubble-classic-square-selected@2x.png */; };
		D381913918CE4A0E008915C6 /* bubble-min-tailless.png in Resources */ = {isa = PBXBuildFile; fileRef = D38190FE18CE4A0D008915C6 /* bubble-min-tailless.png */; };
		D381913A18CE4A0E008915C6 /* bubble-min-tailless@2x.png in Resources */ = {isa = PBXBuildFile; fileRef = D38190FF18CE4A0D008915C6 /* bubble-min-tailless@2x.png */; };
		D381913B18CE4A0E008915C6 /* bubble-min.png in Resources */ = {isa = PBXBuildFile; fileRef = D381910018CE4A0D008915C6 /* bubble-min.png */; };
		D381913C18CE4A0E008915C6 /* bubble-min@2x.png in Resources */ = {isa = PBXBuildFile; fileRef = D381910118CE4A0D008915C6 /* bubble-min@2x.png */; };
		D381913D18CE4A0E008915C6 /* bubble-stroked-tailless.png in Resources */ = {isa = PBXBuildFile; fileRef = D381910218CE4A0D008915C6 /* bubble-stroked-tailless.png */; };
		D381913E18CE4A0E008915C6 /* bubble-stroked-tailless@2x.png in Resources */ = {isa = PBXBuildFile; fileRef = D381910318CE4A0D008915C6 /* bubble-stroked-tailless@2x.png */; };
		D381913F18CE4A0E008915C6 /* bubble-stroked.png in Resources */ = {isa = PBXBuildFile; fileRef = D381910418CE4A0D008915C6 /* bubble-stroked.png */; };
		D381914018CE4A0E008915C6 /* bubble-stroked@2x.png in Resources */ = {isa = PBXBuildFile; fileRef = D381910518CE4A0D008915C6 /* bubble-stroked@2x.png */; };
		D381914118CE4A0E008915C6 /* bubble-tailless.png in Resources */ = {isa = PBXBuildFile; fileRef = D381910618CE4A0D008915C6 /* bubble-tailless.png */; };
		D381914218CE4A0E008915C6 /* bubble-tailless@2x.png in Resources */ = {isa = PBXBuildFile; fileRef = D381910718CE4A0D008915C6 /* bubble-tailless@2x.png */; };
		D381914318CE4A0E008915C6 /* bubble.png in Resources */ = {isa = PBXBuildFile; fileRef = D381910818CE4A0D008915C6 /* bubble.png */; };
		D381914418CE4A0E008915C6 /* bubble@2x.png in Resources */ = {isa = PBXBuildFile; fileRef = D381910918CE4A0D008915C6 /* bubble@2x.png */; };
		D381914518CE4A0E008915C6 /* input-bar-background.png in Resources */ = {isa = PBXBuildFile; fileRef = D381910B18CE4A0D008915C6 /* input-bar-background.png */; };
		D381914618CE4A0E008915C6 /* input-bar-background@2x.png in Resources */ = {isa = PBXBuildFile; fileRef = D381910C18CE4A0D008915C6 /* input-bar-background@2x.png */; };
		D381914718CE4A0E008915C6 /* input-field-cover.png in Resources */ = {isa = PBXBuildFile; fileRef = D381910D18CE4A0D008915C6 /* input-field-cover.png */; };
		D381914818CE4A0E008915C6 /* input-field-cover@2x.png in Resources */ = {isa = PBXBuildFile; fileRef = D381910E18CE4A0E008915C6 /* input-field-cover@2x.png */; };
		D381914918CE4A0E008915C6 /* send-button-pressed.png in Resources */ = {isa = PBXBuildFile; fileRef = D381910F18CE4A0E008915C6 /* send-button-pressed.png */; };
		D381914A18CE4A0E008915C6 /* send-button-pressed@2x.png in Resources */ = {isa = PBXBuildFile; fileRef = D381911018CE4A0E008915C6 /* send-button-pressed@2x.png */; };
		D381914B18CE4A0E008915C6 /* send-button.png in Resources */ = {isa = PBXBuildFile; fileRef = D381911118CE4A0E008915C6 /* send-button.png */; };
		D381914C18CE4A0E008915C6 /* send-button@2x.png in Resources */ = {isa = PBXBuildFile; fileRef = D381911218CE4A0E008915C6 /* send-button@2x.png */; };
		D381914D18CE4A0E008915C6 /* button-photo.png in Resources */ = {isa = PBXBuildFile; fileRef = D381911418CE4A0E008915C6 /* button-photo.png */; };
		D381914E18CE4A0E008915C6 /* button-photo@2x.png in Resources */ = {isa = PBXBuildFile; fileRef = D381911518CE4A0E008915C6 /* button-photo@2x.png */; };
		D381914F18CE4A0E008915C6 /* input-bar-flat.png in Resources */ = {isa = PBXBuildFile; fileRef = D381911618CE4A0E008915C6 /* input-bar-flat.png */; };
		D381915018CE4A0E008915C6 /* input-bar-flat@2x.png in Resources */ = {isa = PBXBuildFile; fileRef = D381911718CE4A0E008915C6 /* input-bar-flat@2x.png */; };
		D381915118CE4A0E008915C6 /* message-received.aiff in Resources */ = {isa = PBXBuildFile; fileRef = D381911918CE4A0E008915C6 /* message-received.aiff */; };
		D381915218CE4A0E008915C6 /* message-sent.aiff in Resources */ = {isa = PBXBuildFile; fileRef = D381911A18CE4A0E008915C6 /* message-sent.aiff */; };
		D381915718CE4C7D008915C6 /* JSQSystemSoundPlayer.m in Sources */ = {isa = PBXBuildFile; fileRef = D381915618CE4C7D008915C6 /* JSQSystemSoundPlayer.m */; };
		D381915918CE59E1008915C6 /* defaultPrefsFile.plist in Resources */ = {isa = PBXBuildFile; fileRef = D381915818CE59E1008915C6 /* defaultPrefsFile.plist */; };
		D3FB888818C74D47008F7D2B /* Foundation.framework in Frameworks */ = {isa = PBXBuildFile; fileRef = D3FB888718C74D47008F7D2B /* Foundation.framework */; };
		D3FB888A18C74D47008F7D2B /* CoreGraphics.framework in Frameworks */ = {isa = PBXBuildFile; fileRef = D3FB888918C74D47008F7D2B /* CoreGraphics.framework */; };
		D3FB888C18C74D47008F7D2B /* UIKit.framework in Frameworks */ = {isa = PBXBuildFile; fileRef = D3FB888B18C74D47008F7D2B /* UIKit.framework */; };
		D3FB889218C74D47008F7D2B /* InfoPlist.strings in Resources */ = {isa = PBXBuildFile; fileRef = D3FB889018C74D47008F7D2B /* InfoPlist.strings */; };
		D3FB889418C74D47008F7D2B /* main.m in Sources */ = {isa = PBXBuildFile; fileRef = D3FB889318C74D47008F7D2B /* main.m */; };
		D3FB889818C74D47008F7D2B /* FMAppDelegate.m in Sources */ = {isa = PBXBuildFile; fileRef = D3FB889718C74D47008F7D2B /* FMAppDelegate.m */; };
		D3FB889B18C74D47008F7D2B /* Main.storyboard in Resources */ = {isa = PBXBuildFile; fileRef = D3FB889918C74D47008F7D2B /* Main.storyboard */; };
		D3FB88A318C74D47008F7D2B /* Images.xcassets in Resources */ = {isa = PBXBuildFile; fileRef = D3FB88A218C74D47008F7D2B /* Images.xcassets */; };
		D3FB88AA18C74D47008F7D2B /* XCTest.framework in Frameworks */ = {isa = PBXBuildFile; fileRef = D3FB88A918C74D47008F7D2B /* XCTest.framework */; };
		D3FB88AB18C74D47008F7D2B /* Foundation.framework in Frameworks */ = {isa = PBXBuildFile; fileRef = D3FB888718C74D47008F7D2B /* Foundation.framework */; };
		D3FB88AC18C74D47008F7D2B /* UIKit.framework in Frameworks */ = {isa = PBXBuildFile; fileRef = D3FB888B18C74D47008F7D2B /* UIKit.framework */; };
		D3FB88B418C74D47008F7D2B /* InfoPlist.strings in Resources */ = {isa = PBXBuildFile; fileRef = D3FB88B218C74D47008F7D2B /* InfoPlist.strings */; };
		D3FB88B618C74D47008F7D2B /* MatchedUpTests.m in Sources */ = {isa = PBXBuildFile; fileRef = D3FB88B518C74D47008F7D2B /* MatchedUpTests.m */; };
		D3FB88C118C74DDB008F7D2B /* FMLoginViewController.m in Sources */ = {isa = PBXBuildFile; fileRef = D3FB88C018C74DDB008F7D2B /* FMLoginViewController.m */; };
		D3FB88CE18C75167008F7D2B /* AudioToolbox.framework in Frameworks */ = {isa = PBXBuildFile; fileRef = D3FB88C518C75167008F7D2B /* AudioToolbox.framework */; };
		D3FB88CF18C75167008F7D2B /* CFNetwork.framework in Frameworks */ = {isa = PBXBuildFile; fileRef = D3FB88C618C75167008F7D2B /* CFNetwork.framework */; };
		D3FB88D018C75167008F7D2B /* CoreLocation.framework in Frameworks */ = {isa = PBXBuildFile; fileRef = D3FB88C718C75167008F7D2B /* CoreLocation.framework */; };
		D3FB88D118C75167008F7D2B /* libz.dylib in Frameworks */ = {isa = PBXBuildFile; fileRef = D3FB88C818C75167008F7D2B /* libz.dylib */; };
		D3FB88D218C75167008F7D2B /* MobileCoreServices.framework in Frameworks */ = {isa = PBXBuildFile; fileRef = D3FB88C918C75167008F7D2B /* MobileCoreServices.framework */; };
		D3FB88D318C75167008F7D2B /* QuartzCore.framework in Frameworks */ = {isa = PBXBuildFile; fileRef = D3FB88CA18C75167008F7D2B /* QuartzCore.framework */; };
		D3FB88D418C75167008F7D2B /* Security.framework in Frameworks */ = {isa = PBXBuildFile; fileRef = D3FB88CB18C75167008F7D2B /* Security.framework */; };
		D3FB88D518C75167008F7D2B /* StoreKit.framework in Frameworks */ = {isa = PBXBuildFile; fileRef = D3FB88CC18C75167008F7D2B /* StoreKit.framework */; };
		D3FB88D618C75167008F7D2B /* SystemConfiguration.framework in Frameworks */ = {isa = PBXBuildFile; fileRef = D3FB88CD18C75167008F7D2B /* SystemConfiguration.framework */; };
		D3FB88D818C765DC008F7D2B /* Parse.framework in Frameworks */ = {isa = PBXBuildFile; fileRef = D3FB88D718C765DC008F7D2B /* Parse.framework */; };
		D3FB88DA18C76BC4008F7D2B /* FacebookSDK.framework in Frameworks */ = {isa = PBXBuildFile; fileRef = D3FB88D918C76BC4008F7D2B /* FacebookSDK.framework */; };
		D3FB88DD18C781BB008F7D2B /* FMConstants.m in Sources */ = {isa = PBXBuildFile; fileRef = D3FB88DC18C781BB008F7D2B /* FMConstants.m */; };
		D3FB88E018C7D2DB008F7D2B /* FMHomeViewController.m in Sources */ = {isa = PBXBuildFile; fileRef = D3FB88DF18C7D2DB008F7D2B /* FMHomeViewController.m */; };
		D3FB88E518C8A584008F7D2B /* FMSettingsViewController.m in Sources */ = {isa = PBXBuildFile; fileRef = D3FB88E418C8A584008F7D2B /* FMSettingsViewController.m */; };
		D3FB88E918C8AAC8008F7D2B /* FMEditProfileViewController.m in Sources */ = {isa = PBXBuildFile; fileRef = D3FB88E818C8AAC8008F7D2B /* FMEditProfileViewController.m */; };
		D3FB88ED18C8B551008F7D2B /* FMProfileViewController.m in Sources */ = {isa = PBXBuildFile; fileRef = D3FB88EC18C8B551008F7D2B /* FMProfileViewController.m */; };
/* End PBXBuildFile section */

/* Begin PBXContainerItemProxy section */
		D3FB88AD18C74D47008F7D2B /* PBXContainerItemProxy */ = {
			isa = PBXContainerItemProxy;
			containerPortal = D3FB887C18C74D47008F7D2B /* Project object */;
			proxyType = 1;
			remoteGlobalIDString = D3FB888318C74D47008F7D2B;
			remoteInfo = MatchedUp;
		};
/* End PBXContainerItemProxy section */

/* Begin PBXFileReference section */
		D3729B4718CA483300A1EE98 /* FMTestUser.h */ = {isa = PBXFileReference; fileEncoding = 4; lastKnownFileType = sourcecode.c.h; path = FMTestUser.h; sourceTree = "<group>"; };
		D3729B4818CA483300A1EE98 /* FMTestUser.m */ = {isa = PBXFileReference; fileEncoding = 4; lastKnownFileType = sourcecode.c.objc; path = FMTestUser.m; sourceTree = "<group>"; };
		D3729B4A18CA48AE00A1EE98 /* IMG_2425.jpeg */ = {isa = PBXFileReference; lastKnownFileType = image.jpeg; path = IMG_2425.jpeg; sourceTree = "<group>"; };
		D3729B4D18CA6F8500A1EE98 /* FMMatchViewController.h */ = {isa = PBXFileReference; fileEncoding = 4; lastKnownFileType = sourcecode.c.h; path = FMMatchViewController.h; sourceTree = "<group>"; };
		D3729B4E18CA6F8500A1EE98 /* FMMatchViewController.m */ = {isa = PBXFileReference; fileEncoding = 4; lastKnownFileType = sourcecode.c.objc; path = FMMatchViewController.m; sourceTree = "<group>"; };
		D3729B5118CA721400A1EE98 /* FMMatchesViewController.h */ = {isa = PBXFileReference; fileEncoding = 4; lastKnownFileType = sourcecode.c.h; path = FMMatchesViewController.h; sourceTree = "<group>"; };
		D3729B5218CA721400A1EE98 /* FMMatchesViewController.m */ = {isa = PBXFileReference; fileEncoding = 4; lastKnownFileType = sourcecode.c.objc; path = FMMatchesViewController.m; sourceTree = "<group>"; };
		D3729BE518CA744900A1EE98 /* FMChatViewController.h */ = {isa = PBXFileReference; fileEncoding = 4; lastKnownFileType = sourcecode.c.h; path = FMChatViewController.h; sourceTree = "<group>"; };
		D3729BE618CA744900A1EE98 /* FMChatViewController.m */ = {isa = PBXFileReference; fileEncoding = 4; lastKnownFileType = sourcecode.c.objc; path = FMChatViewController.m; sourceTree = "<group>"; };
		D38190CD18CE4A0D008915C6 /* NSString+JSMessagesView.h */ = {isa = PBXFileReference; fileEncoding = 4; lastKnownFileType = sourcecode.c.h; path = "NSString+JSMessagesView.h"; sourceTree = "<group>"; };
		D38190CE18CE4A0D008915C6 /* NSString+JSMessagesView.m */ = {isa = PBXFileReference; fileEncoding = 4; lastKnownFileType = sourcecode.c.objc; path = "NSString+JSMessagesView.m"; sourceTree = "<group>"; };
		D38190CF18CE4A0D008915C6 /* UIColor+JSMessagesView.h */ = {isa = PBXFileReference; fileEncoding = 4; lastKnownFileType = sourcecode.c.h; path = "UIColor+JSMessagesView.h"; sourceTree = "<group>"; };
		D38190D018CE4A0D008915C6 /* UIColor+JSMessagesView.m */ = {isa = PBXFileReference; fileEncoding = 4; lastKnownFileType = sourcecode.c.objc; path = "UIColor+JSMessagesView.m"; sourceTree = "<group>"; };
		D38190D118CE4A0D008915C6 /* UIImage+JSMessagesView.h */ = {isa = PBXFileReference; fileEncoding = 4; lastKnownFileType = sourcecode.c.h; path = "UIImage+JSMessagesView.h"; sourceTree = "<group>"; };
		D38190D218CE4A0D008915C6 /* UIImage+JSMessagesView.m */ = {isa = PBXFileReference; fileEncoding = 4; lastKnownFileType = sourcecode.c.objc; path = "UIImage+JSMessagesView.m"; sourceTree = "<group>"; };
		D38190D418CE4A0D008915C6 /* JSAvatarImageFactory.h */ = {isa = PBXFileReference; fileEncoding = 4; lastKnownFileType = sourcecode.c.h; path = JSAvatarImageFactory.h; sourceTree = "<group>"; };
		D38190D518CE4A0D008915C6 /* JSAvatarImageFactory.m */ = {isa = PBXFileReference; fileEncoding = 4; lastKnownFileType = sourcecode.c.objc; path = JSAvatarImageFactory.m; sourceTree = "<group>"; };
		D38190D618CE4A0D008915C6 /* JSBubbleImageViewFactory.h */ = {isa = PBXFileReference; fileEncoding = 4; lastKnownFileType = sourcecode.c.h; path = JSBubbleImageViewFactory.h; sourceTree = "<group>"; };
		D38190D718CE4A0D008915C6 /* JSBubbleImageViewFactory.m */ = {isa = PBXFileReference; fileEncoding = 4; lastKnownFileType = sourcecode.c.objc; path = JSBubbleImageViewFactory.m; sourceTree = "<group>"; };
		D38190D818CE4A0D008915C6 /* JSBubbleMessageCell.h */ = {isa = PBXFileReference; fileEncoding = 4; lastKnownFileType = sourcecode.c.h; path = JSBubbleMessageCell.h; sourceTree = "<group>"; };
		D38190D918CE4A0D008915C6 /* JSBubbleMessageCell.m */ = {isa = PBXFileReference; fileEncoding = 4; lastKnownFileType = sourcecode.c.objc; path = JSBubbleMessageCell.m; sourceTree = "<group>"; };
		D38190DA18CE4A0D008915C6 /* JSBubbleView.h */ = {isa = PBXFileReference; fileEncoding = 4; lastKnownFileType = sourcecode.c.h; path = JSBubbleView.h; sourceTree = "<group>"; };
		D38190DB18CE4A0D008915C6 /* JSBubbleView.m */ = {isa = PBXFileReference; fileEncoding = 4; lastKnownFileType = sourcecode.c.objc; path = JSBubbleView.m; sourceTree = "<group>"; };
		D38190DC18CE4A0D008915C6 /* JSDismissiveTextView.h */ = {isa = PBXFileReference; fileEncoding = 4; lastKnownFileType = sourcecode.c.h; path = JSDismissiveTextView.h; sourceTree = "<group>"; };
		D38190DD18CE4A0D008915C6 /* JSDismissiveTextView.m */ = {isa = PBXFileReference; fileEncoding = 4; lastKnownFileType = sourcecode.c.objc; path = JSDismissiveTextView.m; sourceTree = "<group>"; };
		D38190DE18CE4A0D008915C6 /* JSMessageInputView.h */ = {isa = PBXFileReference; fileEncoding = 4; lastKnownFileType = sourcecode.c.h; path = JSMessageInputView.h; sourceTree = "<group>"; };
		D38190DF18CE4A0D008915C6 /* JSMessageInputView.m */ = {isa = PBXFileReference; fileEncoding = 4; lastKnownFileType = sourcecode.c.objc; path = JSMessageInputView.m; sourceTree = "<group>"; };
		D38190E018CE4A0D008915C6 /* JSMessageSoundEffect.h */ = {isa = PBXFileReference; fileEncoding = 4; lastKnownFileType = sourcecode.c.h; path = JSMessageSoundEffect.h; sourceTree = "<group>"; };
		D38190E118CE4A0D008915C6 /* JSMessageSoundEffect.m */ = {isa = PBXFileReference; fileEncoding = 4; lastKnownFileType = sourcecode.c.objc; path = JSMessageSoundEffect.m; sourceTree = "<group>"; };
		D38190E218CE4A0D008915C6 /* JSMessagesViewController.h */ = {isa = PBXFileReference; fileEncoding = 4; lastKnownFileType = sourcecode.c.h; path = JSMessagesViewController.h; sourceTree = "<group>"; };
		D38190E318CE4A0D008915C6 /* JSMessagesViewController.m */ = {isa = PBXFileReference; fileEncoding = 4; lastKnownFileType = sourcecode.c.objc; path = JSMessagesViewController.m; sourceTree = "<group>"; };
		D38190E418CE4A0D008915C6 /* JSMessageTextView.h */ = {isa = PBXFileReference; fileEncoding = 4; lastKnownFileType = sourcecode.c.h; path = JSMessageTextView.h; sourceTree = "<group>"; };
		D38190E518CE4A0D008915C6 /* JSMessageTextView.m */ = {isa = PBXFileReference; fileEncoding = 4; lastKnownFileType = sourcecode.c.objc; path = JSMessageTextView.m; sourceTree = "<group>"; };
		D38190E918CE4A0D008915C6 /* avatar-placeholder.png */ = {isa = PBXFileReference; lastKnownFileType = image.png; path = "avatar-placeholder.png"; sourceTree = "<group>"; };
		D38190EA18CE4A0D008915C6 /* avatar-placeholder@2x.png */ = {isa = PBXFileReference; lastKnownFileType = image.png; path = "avatar-placeholder@2x.png"; sourceTree = "<group>"; };
		D38190EC18CE4A0D008915C6 /* bubble-classic-blue.png */ = {isa = PBXFileReference; lastKnownFileType = image.png; path = "bubble-classic-blue.png"; sourceTree = "<group>"; };
		D38190ED18CE4A0D008915C6 /* bubble-classic-blue@2x.png */ = {isa = PBXFileReference; lastKnownFileType = image.png; path = "bubble-classic-blue@2x.png"; sourceTree = "<group>"; };
		D38190EE18CE4A0D008915C6 /* bubble-classic-gray.png */ = {isa = PBXFileReference; lastKnownFileType = image.png; path = "bubble-classic-gray.png"; sourceTree = "<group>"; };
		D38190EF18CE4A0D008915C6 /* bubble-classic-gray@2x.png */ = {isa = PBXFileReference; lastKnownFileType = image.png; path = "bubble-classic-gray@2x.png"; sourceTree = "<group>"; };
		D38190F018CE4A0D008915C6 /* bubble-classic-green.png */ = {isa = PBXFileReference; lastKnownFileType = image.png; path = "bubble-classic-green.png"; sourceTree = "<group>"; };
		D38190F118CE4A0D008915C6 /* bubble-classic-green@2x.png */ = {isa = PBXFileReference; lastKnownFileType = image.png; path = "bubble-classic-green@2x.png"; sourceTree = "<group>"; };
		D38190F218CE4A0D008915C6 /* bubble-classic-selected.png */ = {isa = PBXFileReference; lastKnownFileType = image.png; path = "bubble-classic-selected.png"; sourceTree = "<group>"; };
		D38190F318CE4A0D008915C6 /* bubble-classic-selected@2x.png */ = {isa = PBXFileReference; lastKnownFileType = image.png; path = "bubble-classic-selected@2x.png"; sourceTree = "<group>"; };
		D38190F418CE4A0D008915C6 /* bubble-classic-typing.png */ = {isa = PBXFileReference; lastKnownFileType = image.png; path = "bubble-classic-typing.png"; sourceTree = "<group>"; };
		D38190F518CE4A0D008915C6 /* bubble-classic-typing@2x.png */ = {isa = PBXFileReference; lastKnownFileType = image.png; path = "bubble-classic-typing@2x.png"; sourceTree = "<group>"; };
		D38190F718CE4A0D008915C6 /* bubble-classic-square-blue.png */ = {isa = PBXFileReference; lastKnownFileType = image.png; path = "bubble-classic-square-blue.png"; sourceTree = "<group>"; };
		D38190F818CE4A0D008915C6 /* bubble-classic-square-blue@2x.png */ = {isa = PBXFileReference; lastKnownFileType = image.png; path = "bubble-classic-square-blue@2x.png"; sourceTree = "<group>"; };
		D38190F918CE4A0D008915C6 /* bubble-classic-square-gray.png */ = {isa = PBXFileReference; lastKnownFileType = image.png; path = "bubble-classic-square-gray.png"; sourceTree = "<group>"; };
		D38190FA18CE4A0D008915C6 /* bubble-classic-square-gray@2x.png */ = {isa = PBXFileReference; lastKnownFileType = image.png; path = "bubble-classic-square-gray@2x.png"; sourceTree = "<group>"; };
		D38190FB18CE4A0D008915C6 /* bubble-classic-square-selected.png */ = {isa = PBXFileReference; lastKnownFileType = image.png; path = "bubble-classic-square-selected.png"; sourceTree = "<group>"; };
		D38190FC18CE4A0D008915C6 /* bubble-classic-square-selected@2x.png */ = {isa = PBXFileReference; lastKnownFileType = image.png; path = "bubble-classic-square-selected@2x.png"; sourceTree = "<group>"; };
		D38190FE18CE4A0D008915C6 /* bubble-min-tailless.png */ = {isa = PBXFileReference; lastKnownFileType = image.png; path = "bubble-min-tailless.png"; sourceTree = "<group>"; };
		D38190FF18CE4A0D008915C6 /* bubble-min-tailless@2x.png */ = {isa = PBXFileReference; lastKnownFileType = image.png; path = "bubble-min-tailless@2x.png"; sourceTree = "<group>"; };
		D381910018CE4A0D008915C6 /* bubble-min.png */ = {isa = PBXFileReference; lastKnownFileType = image.png; path = "bubble-min.png"; sourceTree = "<group>"; };
		D381910118CE4A0D008915C6 /* bubble-min@2x.png */ = {isa = PBXFileReference; lastKnownFileType = image.png; path = "bubble-min@2x.png"; sourceTree = "<group>"; };
		D381910218CE4A0D008915C6 /* bubble-stroked-tailless.png */ = {isa = PBXFileReference; lastKnownFileType = image.png; path = "bubble-stroked-tailless.png"; sourceTree = "<group>"; };
		D381910318CE4A0D008915C6 /* bubble-stroked-tailless@2x.png */ = {isa = PBXFileReference; lastKnownFileType = image.png; path = "bubble-stroked-tailless@2x.png"; sourceTree = "<group>"; };
		D381910418CE4A0D008915C6 /* bubble-stroked.png */ = {isa = PBXFileReference; lastKnownFileType = image.png; path = "bubble-stroked.png"; sourceTree = "<group>"; };
		D381910518CE4A0D008915C6 /* bubble-stroked@2x.png */ = {isa = PBXFileReference; lastKnownFileType = image.png; path = "bubble-stroked@2x.png"; sourceTree = "<group>"; };
		D381910618CE4A0D008915C6 /* bubble-tailless.png */ = {isa = PBXFileReference; lastKnownFileType = image.png; path = "bubble-tailless.png"; sourceTree = "<group>"; };
		D381910718CE4A0D008915C6 /* bubble-tailless@2x.png */ = {isa = PBXFileReference; lastKnownFileType = image.png; path = "bubble-tailless@2x.png"; sourceTree = "<group>"; };
		D381910818CE4A0D008915C6 /* bubble.png */ = {isa = PBXFileReference; lastKnownFileType = image.png; path = bubble.png; sourceTree = "<group>"; };
		D381910918CE4A0D008915C6 /* bubble@2x.png */ = {isa = PBXFileReference; lastKnownFileType = image.png; path = "bubble@2x.png"; sourceTree = "<group>"; };
		D381910B18CE4A0D008915C6 /* input-bar-background.png */ = {isa = PBXFileReference; lastKnownFileType = image.png; path = "input-bar-background.png"; sourceTree = "<group>"; };
		D381910C18CE4A0D008915C6 /* input-bar-background@2x.png */ = {isa = PBXFileReference; lastKnownFileType = image.png; path = "input-bar-background@2x.png"; sourceTree = "<group>"; };
		D381910D18CE4A0D008915C6 /* input-field-cover.png */ = {isa = PBXFileReference; lastKnownFileType = image.png; path = "input-field-cover.png"; sourceTree = "<group>"; };
		D381910E18CE4A0E008915C6 /* input-field-cover@2x.png */ = {isa = PBXFileReference; lastKnownFileType = image.png; path = "input-field-cover@2x.png"; sourceTree = "<group>"; };
		D381910F18CE4A0E008915C6 /* send-button-pressed.png */ = {isa = PBXFileReference; lastKnownFileType = image.png; path = "send-button-pressed.png"; sourceTree = "<group>"; };
		D381911018CE4A0E008915C6 /* send-button-pressed@2x.png */ = {isa = PBXFileReference; lastKnownFileType = image.png; path = "send-button-pressed@2x.png"; sourceTree = "<group>"; };
		D381911118CE4A0E008915C6 /* send-button.png */ = {isa = PBXFileReference; lastKnownFileType = image.png; path = "send-button.png"; sourceTree = "<group>"; };
		D381911218CE4A0E008915C6 /* send-button@2x.png */ = {isa = PBXFileReference; lastKnownFileType = image.png; path = "send-button@2x.png"; sourceTree = "<group>"; };
		D381911418CE4A0E008915C6 /* button-photo.png */ = {isa = PBXFileReference; lastKnownFileType = image.png; path = "button-photo.png"; sourceTree = "<group>"; };
		D381911518CE4A0E008915C6 /* button-photo@2x.png */ = {isa = PBXFileReference; lastKnownFileType = image.png; path = "button-photo@2x.png"; sourceTree = "<group>"; };
		D381911618CE4A0E008915C6 /* input-bar-flat.png */ = {isa = PBXFileReference; lastKnownFileType = image.png; path = "input-bar-flat.png"; sourceTree = "<group>"; };
		D381911718CE4A0E008915C6 /* input-bar-flat@2x.png */ = {isa = PBXFileReference; lastKnownFileType = image.png; path = "input-bar-flat@2x.png"; sourceTree = "<group>"; };
		D381911918CE4A0E008915C6 /* message-received.aiff */ = {isa = PBXFileReference; lastKnownFileType = audio.aiff; path = "message-received.aiff"; sourceTree = "<group>"; };
		D381911A18CE4A0E008915C6 /* message-sent.aiff */ = {isa = PBXFileReference; lastKnownFileType = audio.aiff; path = "message-sent.aiff"; sourceTree = "<group>"; };
		D381915518CE4C7D008915C6 /* JSQSystemSoundPlayer.h */ = {isa = PBXFileReference; fileEncoding = 4; lastKnownFileType = sourcecode.c.h; path = JSQSystemSoundPlayer.h; sourceTree = "<group>"; };
		D381915618CE4C7D008915C6 /* JSQSystemSoundPlayer.m */ = {isa = PBXFileReference; fileEncoding = 4; lastKnownFileType = sourcecode.c.objc; path = JSQSystemSoundPlayer.m; sourceTree = "<group>"; };
		D381915818CE59E1008915C6 /* defaultPrefsFile.plist */ = {isa = PBXFileReference; fileEncoding = 4; lastKnownFileType = text.plist.xml; name = defaultPrefsFile.plist; path = ../defaultPrefsFile.plist; sourceTree = "<group>"; };
		D3FB888418C74D47008F7D2B /* MatchedUp.app */ = {isa = PBXFileReference; explicitFileType = wrapper.application; includeInIndex = 0; path = MatchedUp.app; sourceTree = BUILT_PRODUCTS_DIR; };
		D3FB888718C74D47008F7D2B /* Foundation.framework */ = {isa = PBXFileReference; lastKnownFileType = wrapper.framework; name = Foundation.framework; path = System/Library/Frameworks/Foundation.framework; sourceTree = SDKROOT; };
		D3FB888918C74D47008F7D2B /* CoreGraphics.framework */ = {isa = PBXFileReference; lastKnownFileType = wrapper.framework; name = CoreGraphics.framework; path = System/Library/Frameworks/CoreGraphics.framework; sourceTree = SDKROOT; };
		D3FB888B18C74D47008F7D2B /* UIKit.framework */ = {isa = PBXFileReference; lastKnownFileType = wrapper.framework; name = UIKit.framework; path = System/Library/Frameworks/UIKit.framework; sourceTree = SDKROOT; };
		D3FB888F18C74D47008F7D2B /* MatchedUp-Info.plist */ = {isa = PBXFileReference; lastKnownFileType = text.plist.xml; path = "MatchedUp-Info.plist"; sourceTree = "<group>"; };
		D3FB889118C74D47008F7D2B /* en */ = {isa = PBXFileReference; lastKnownFileType = text.plist.strings; name = en; path = en.lproj/InfoPlist.strings; sourceTree = "<group>"; };
		D3FB889318C74D47008F7D2B /* main.m */ = {isa = PBXFileReference; lastKnownFileType = sourcecode.c.objc; path = main.m; sourceTree = "<group>"; };
		D3FB889518C74D47008F7D2B /* MatchedUp-Prefix.pch */ = {isa = PBXFileReference; lastKnownFileType = sourcecode.c.h; path = "MatchedUp-Prefix.pch"; sourceTree = "<group>"; };
		D3FB889618C74D47008F7D2B /* FMAppDelegate.h */ = {isa = PBXFileReference; lastKnownFileType = sourcecode.c.h; path = FMAppDelegate.h; sourceTree = "<group>"; };
		D3FB889718C74D47008F7D2B /* FMAppDelegate.m */ = {isa = PBXFileReference; lastKnownFileType = sourcecode.c.objc; path = FMAppDelegate.m; sourceTree = "<group>"; };
		D3FB889A18C74D47008F7D2B /* Base */ = {isa = PBXFileReference; lastKnownFileType = file.storyboard; name = Base; path = Base.lproj/Main.storyboard; sourceTree = "<group>"; };
		D3FB88A218C74D47008F7D2B /* Images.xcassets */ = {isa = PBXFileReference; lastKnownFileType = folder.assetcatalog; path = Images.xcassets; sourceTree = "<group>"; };
		D3FB88A818C74D47008F7D2B /* MatchedUpTests.xctest */ = {isa = PBXFileReference; explicitFileType = wrapper.cfbundle; includeInIndex = 0; path = MatchedUpTests.xctest; sourceTree = BUILT_PRODUCTS_DIR; };
		D3FB88A918C74D47008F7D2B /* XCTest.framework */ = {isa = PBXFileReference; lastKnownFileType = wrapper.framework; name = XCTest.framework; path = Library/Frameworks/XCTest.framework; sourceTree = DEVELOPER_DIR; };
		D3FB88B118C74D47008F7D2B /* MatchedUpTests-Info.plist */ = {isa = PBXFileReference; lastKnownFileType = text.plist.xml; path = "MatchedUpTests-Info.plist"; sourceTree = "<group>"; };
		D3FB88B318C74D47008F7D2B /* en */ = {isa = PBXFileReference; lastKnownFileType = text.plist.strings; name = en; path = en.lproj/InfoPlist.strings; sourceTree = "<group>"; };
		D3FB88B518C74D47008F7D2B /* MatchedUpTests.m */ = {isa = PBXFileReference; lastKnownFileType = sourcecode.c.objc; path = MatchedUpTests.m; sourceTree = "<group>"; };
		D3FB88BF18C74DDB008F7D2B /* FMLoginViewController.h */ = {isa = PBXFileReference; fileEncoding = 4; lastKnownFileType = sourcecode.c.h; path = FMLoginViewController.h; sourceTree = "<group>"; };
		D3FB88C018C74DDB008F7D2B /* FMLoginViewController.m */ = {isa = PBXFileReference; fileEncoding = 4; lastKnownFileType = sourcecode.c.objc; path = FMLoginViewController.m; sourceTree = "<group>"; };
		D3FB88C518C75167008F7D2B /* AudioToolbox.framework */ = {isa = PBXFileReference; lastKnownFileType = wrapper.framework; name = AudioToolbox.framework; path = System/Library/Frameworks/AudioToolbox.framework; sourceTree = SDKROOT; };
		D3FB88C618C75167008F7D2B /* CFNetwork.framework */ = {isa = PBXFileReference; lastKnownFileType = wrapper.framework; name = CFNetwork.framework; path = System/Library/Frameworks/CFNetwork.framework; sourceTree = SDKROOT; };
		D3FB88C718C75167008F7D2B /* CoreLocation.framework */ = {isa = PBXFileReference; lastKnownFileType = wrapper.framework; name = CoreLocation.framework; path = System/Library/Frameworks/CoreLocation.framework; sourceTree = SDKROOT; };
		D3FB88C818C75167008F7D2B /* libz.dylib */ = {isa = PBXFileReference; lastKnownFileType = "compiled.mach-o.dylib"; name = libz.dylib; path = usr/lib/libz.dylib; sourceTree = SDKROOT; };
		D3FB88C918C75167008F7D2B /* MobileCoreServices.framework */ = {isa = PBXFileReference; lastKnownFileType = wrapper.framework; name = MobileCoreServices.framework; path = System/Library/Frameworks/MobileCoreServices.framework; sourceTree = SDKROOT; };
		D3FB88CA18C75167008F7D2B /* QuartzCore.framework */ = {isa = PBXFileReference; lastKnownFileType = wrapper.framework; name = QuartzCore.framework; path = System/Library/Frameworks/QuartzCore.framework; sourceTree = SDKROOT; };
		D3FB88CB18C75167008F7D2B /* Security.framework */ = {isa = PBXFileReference; lastKnownFileType = wrapper.framework; name = Security.framework; path = System/Library/Frameworks/Security.framework; sourceTree = SDKROOT; };
		D3FB88CC18C75167008F7D2B /* StoreKit.framework */ = {isa = PBXFileReference; lastKnownFileType = wrapper.framework; name = StoreKit.framework; path = System/Library/Frameworks/StoreKit.framework; sourceTree = SDKROOT; };
		D3FB88CD18C75167008F7D2B /* SystemConfiguration.framework */ = {isa = PBXFileReference; lastKnownFileType = wrapper.framework; name = SystemConfiguration.framework; path = System/Library/Frameworks/SystemConfiguration.framework; sourceTree = SDKROOT; };
		D3FB88D718C765DC008F7D2B /* Parse.framework */ = {isa = PBXFileReference; lastKnownFileType = wrapper.framework; path = Parse.framework; sourceTree = "<group>"; };
		D3FB88D918C76BC4008F7D2B /* FacebookSDK.framework */ = {isa = PBXFileReference; lastKnownFileType = wrapper.framework; path = FacebookSDK.framework; sourceTree = "<group>"; };
		D3FB88DB18C781BB008F7D2B /* FMConstants.h */ = {isa = PBXFileReference; fileEncoding = 4; lastKnownFileType = sourcecode.c.h; path = FMConstants.h; sourceTree = "<group>"; };
		D3FB88DC18C781BB008F7D2B /* FMConstants.m */ = {isa = PBXFileReference; fileEncoding = 4; lastKnownFileType = sourcecode.c.objc; path = FMConstants.m; sourceTree = "<group>"; };
		D3FB88DE18C7D2DB008F7D2B /* FMHomeViewController.h */ = {isa = PBXFileReference; fileEncoding = 4; lastKnownFileType = sourcecode.c.h; path = FMHomeViewController.h; sourceTree = "<group>"; };
		D3FB88DF18C7D2DB008F7D2B /* FMHomeViewController.m */ = {isa = PBXFileReference; fileEncoding = 4; lastKnownFileType = sourcecode.c.objc; path = FMHomeViewController.m; sourceTree = "<group>"; };
		D3FB88E318C8A584008F7D2B /* FMSettingsViewController.h */ = {isa = PBXFileReference; fileEncoding = 4; lastKnownFileType = sourcecode.c.h; path = FMSettingsViewController.h; sourceTree = "<group>"; };
		D3FB88E418C8A584008F7D2B /* FMSettingsViewController.m */ = {isa = PBXFileReference; fileEncoding = 4; lastKnownFileType = sourcecode.c.objc; path = FMSettingsViewController.m; sourceTree = "<group>"; };
		D3FB88E718C8AAC8008F7D2B /* FMEditProfileViewController.h */ = {isa = PBXFileReference; fileEncoding = 4; lastKnownFileType = sourcecode.c.h; path = FMEditProfileViewController.h; sourceTree = "<group>"; };
		D3FB88E818C8AAC8008F7D2B /* FMEditProfileViewController.m */ = {isa = PBXFileReference; fileEncoding = 4; lastKnownFileType = sourcecode.c.objc; path = FMEditProfileViewController.m; sourceTree = "<group>"; };
		D3FB88EB18C8B551008F7D2B /* FMProfileViewController.h */ = {isa = PBXFileReference; fileEncoding = 4; lastKnownFileType = sourcecode.c.h; path = FMProfileViewController.h; sourceTree = "<group>"; };
		D3FB88EC18C8B551008F7D2B /* FMProfileViewController.m */ = {isa = PBXFileReference; fileEncoding = 4; lastKnownFileType = sourcecode.c.objc; path = FMProfileViewController.m; sourceTree = "<group>"; };
/* End PBXFileReference section */

/* Begin PBXFrameworksBuildPhase section */
		D3FB888118C74D47008F7D2B /* Frameworks */ = {
			isa = PBXFrameworksBuildPhase;
			buildActionMask = 2147483647;
			files = (
				D3FB88CE18C75167008F7D2B /* AudioToolbox.framework in Frameworks */,
				D3FB88CF18C75167008F7D2B /* CFNetwork.framework in Frameworks */,
				D3FB88D018C75167008F7D2B /* CoreLocation.framework in Frameworks */,
				D3FB88D118C75167008F7D2B /* libz.dylib in Frameworks */,
				D3FB88D218C75167008F7D2B /* MobileCoreServices.framework in Frameworks */,
				D3FB88D318C75167008F7D2B /* QuartzCore.framework in Frameworks */,
				D3FB88D818C765DC008F7D2B /* Parse.framework in Frameworks */,
				D3FB88D418C75167008F7D2B /* Security.framework in Frameworks */,
				D3FB88D518C75167008F7D2B /* StoreKit.framework in Frameworks */,
				D3FB88D618C75167008F7D2B /* SystemConfiguration.framework in Frameworks */,
				D3FB888A18C74D47008F7D2B /* CoreGraphics.framework in Frameworks */,
				D3FB888C18C74D47008F7D2B /* UIKit.framework in Frameworks */,
				D3FB888818C74D47008F7D2B /* Foundation.framework in Frameworks */,
				D3FB88DA18C76BC4008F7D2B /* FacebookSDK.framework in Frameworks */,
			);
			runOnlyForDeploymentPostprocessing = 0;
		};
		D3FB88A518C74D47008F7D2B /* Frameworks */ = {
			isa = PBXFrameworksBuildPhase;
			buildActionMask = 2147483647;
			files = (
				D3FB88AA18C74D47008F7D2B /* XCTest.framework in Frameworks */,
				D3FB88AC18C74D47008F7D2B /* UIKit.framework in Frameworks */,
				D3FB88AB18C74D47008F7D2B /* Foundation.framework in Frameworks */,
			);
			runOnlyForDeploymentPostprocessing = 0;
		};
/* End PBXFrameworksBuildPhase section */

/* Begin PBXGroup section */
		D3729B4618CA47CC00A1EE98 /* Create Parse User */ = {
			isa = PBXGroup;
			children = (
				D3729B4718CA483300A1EE98 /* FMTestUser.h */,
				D3729B4818CA483300A1EE98 /* FMTestUser.m */,
			);
			name = "Create Parse User";
			sourceTree = "<group>";
		};
		D3729B4C18CA6F4800A1EE98 /* Match */ = {
			isa = PBXGroup;
			children = (
				D3729B4D18CA6F8500A1EE98 /* FMMatchViewController.h */,
				D3729B4E18CA6F8500A1EE98 /* FMMatchViewController.m */,
			);
			name = Match;
			sourceTree = "<group>";
		};
		D3729B5018CA71FC00A1EE98 /* Matches */ = {
			isa = PBXGroup;
			children = (
				D3729B5118CA721400A1EE98 /* FMMatchesViewController.h */,
				D3729B5218CA721400A1EE98 /* FMMatchesViewController.m */,
			);
			name = Matches;
			sourceTree = "<group>";
		};
		D3729B5418CA726200A1EE98 /* Chat */ = {
			isa = PBXGroup;
			children = (
				D3729BE518CA744900A1EE98 /* FMChatViewController.h */,
				D3729BE618CA744900A1EE98 /* FMChatViewController.m */,
			);
			name = Chat;
			sourceTree = "<group>";
		};
		D38190CA18CE4A0D008915C6 /* JSMessagesViewController */ = {
			isa = PBXGroup;
			children = (
				D38190CB18CE4A0D008915C6 /* Classes */,
				D38190E618CE4A0D008915C6 /* Resources */,
			);
			path = JSMessagesViewController;
			sourceTree = "<group>";
		};
		D38190CB18CE4A0D008915C6 /* Classes */ = {
			isa = PBXGroup;
			children = (
				D38190CC18CE4A0D008915C6 /* Categories */,
				D38190D318CE4A0D008915C6 /* Factories */,
				D38190D818CE4A0D008915C6 /* JSBubbleMessageCell.h */,
				D38190D918CE4A0D008915C6 /* JSBubbleMessageCell.m */,
				D38190DA18CE4A0D008915C6 /* JSBubbleView.h */,
				D38190DB18CE4A0D008915C6 /* JSBubbleView.m */,
				D38190DC18CE4A0D008915C6 /* JSDismissiveTextView.h */,
				D38190DD18CE4A0D008915C6 /* JSDismissiveTextView.m */,
				D38190DE18CE4A0D008915C6 /* JSMessageInputView.h */,
				D38190DF18CE4A0D008915C6 /* JSMessageInputView.m */,
				D38190E018CE4A0D008915C6 /* JSMessageSoundEffect.h */,
				D38190E118CE4A0D008915C6 /* JSMessageSoundEffect.m */,
				D38190E218CE4A0D008915C6 /* JSMessagesViewController.h */,
				D38190E318CE4A0D008915C6 /* JSMessagesViewController.m */,
				D38190E418CE4A0D008915C6 /* JSMessageTextView.h */,
				D38190E518CE4A0D008915C6 /* JSMessageTextView.m */,
			);
			path = Classes;
			sourceTree = "<group>";
		};
		D38190CC18CE4A0D008915C6 /* Categories */ = {
			isa = PBXGroup;
			children = (
				D38190CD18CE4A0D008915C6 /* NSString+JSMessagesView.h */,
				D38190CE18CE4A0D008915C6 /* NSString+JSMessagesView.m */,
				D38190CF18CE4A0D008915C6 /* UIColor+JSMessagesView.h */,
				D38190D018CE4A0D008915C6 /* UIColor+JSMessagesView.m */,
				D38190D118CE4A0D008915C6 /* UIImage+JSMessagesView.h */,
				D38190D218CE4A0D008915C6 /* UIImage+JSMessagesView.m */,
			);
			path = Categories;
			sourceTree = "<group>";
		};
		D38190D318CE4A0D008915C6 /* Factories */ = {
			isa = PBXGroup;
			children = (
				D38190D418CE4A0D008915C6 /* JSAvatarImageFactory.h */,
				D38190D518CE4A0D008915C6 /* JSAvatarImageFactory.m */,
				D38190D618CE4A0D008915C6 /* JSBubbleImageViewFactory.h */,
				D38190D718CE4A0D008915C6 /* JSBubbleImageViewFactory.m */,
			);
			path = Factories;
			sourceTree = "<group>";
		};
		D38190E618CE4A0D008915C6 /* Resources */ = {
			isa = PBXGroup;
			children = (
				D38190E718CE4A0D008915C6 /* Images */,
				D381911818CE4A0E008915C6 /* Sounds */,
			);
			path = Resources;
			sourceTree = "<group>";
		};
		D38190E718CE4A0D008915C6 /* Images */ = {
			isa = PBXGroup;
			children = (
				D38190E818CE4A0D008915C6 /* avatar */,
				D38190EB18CE4A0D008915C6 /* bubble-classic */,
				D38190F618CE4A0D008915C6 /* bubble-classic-square */,
				D38190FD18CE4A0D008915C6 /* bubble-flat */,
				D381910A18CE4A0D008915C6 /* input-bar-classic */,
				D381911318CE4A0E008915C6 /* input-bar-flat */,
			);
			path = Images;
			sourceTree = "<group>";
		};
		D38190E818CE4A0D008915C6 /* avatar */ = {
			isa = PBXGroup;
			children = (
				D38190E918CE4A0D008915C6 /* avatar-placeholder.png */,
				D38190EA18CE4A0D008915C6 /* avatar-placeholder@2x.png */,
			);
			path = avatar;
			sourceTree = "<group>";
		};
		D38190EB18CE4A0D008915C6 /* bubble-classic */ = {
			isa = PBXGroup;
			children = (
				D38190EC18CE4A0D008915C6 /* bubble-classic-blue.png */,
				D38190ED18CE4A0D008915C6 /* bubble-classic-blue@2x.png */,
				D38190EE18CE4A0D008915C6 /* bubble-classic-gray.png */,
				D38190EF18CE4A0D008915C6 /* bubble-classic-gray@2x.png */,
				D38190F018CE4A0D008915C6 /* bubble-classic-green.png */,
				D38190F118CE4A0D008915C6 /* bubble-classic-green@2x.png */,
				D38190F218CE4A0D008915C6 /* bubble-classic-selected.png */,
				D38190F318CE4A0D008915C6 /* bubble-classic-selected@2x.png */,
				D38190F418CE4A0D008915C6 /* bubble-classic-typing.png */,
				D38190F518CE4A0D008915C6 /* bubble-classic-typing@2x.png */,
			);
			path = "bubble-classic";
			sourceTree = "<group>";
		};
		D38190F618CE4A0D008915C6 /* bubble-classic-square */ = {
			isa = PBXGroup;
			children = (
				D38190F718CE4A0D008915C6 /* bubble-classic-square-blue.png */,
				D38190F818CE4A0D008915C6 /* bubble-classic-square-blue@2x.png */,
				D38190F918CE4A0D008915C6 /* bubble-classic-square-gray.png */,
				D38190FA18CE4A0D008915C6 /* bubble-classic-square-gray@2x.png */,
				D38190FB18CE4A0D008915C6 /* bubble-classic-square-selected.png */,
				D38190FC18CE4A0D008915C6 /* bubble-classic-square-selected@2x.png */,
			);
			path = "bubble-classic-square";
			sourceTree = "<group>";
		};
		D38190FD18CE4A0D008915C6 /* bubble-flat */ = {
			isa = PBXGroup;
			children = (
				D38190FE18CE4A0D008915C6 /* bubble-min-tailless.png */,
				D38190FF18CE4A0D008915C6 /* bubble-min-tailless@2x.png */,
				D381910018CE4A0D008915C6 /* bubble-min.png */,
				D381910118CE4A0D008915C6 /* bubble-min@2x.png */,
				D381910218CE4A0D008915C6 /* bubble-stroked-tailless.png */,
				D381910318CE4A0D008915C6 /* bubble-stroked-tailless@2x.png */,
				D381910418CE4A0D008915C6 /* bubble-stroked.png */,
				D381910518CE4A0D008915C6 /* bubble-stroked@2x.png */,
				D381910618CE4A0D008915C6 /* bubble-tailless.png */,
				D381910718CE4A0D008915C6 /* bubble-tailless@2x.png */,
				D381910818CE4A0D008915C6 /* bubble.png */,
				D381910918CE4A0D008915C6 /* bubble@2x.png */,
			);
			path = "bubble-flat";
			sourceTree = "<group>";
		};
		D381910A18CE4A0D008915C6 /* input-bar-classic */ = {
			isa = PBXGroup;
			children = (
				D381910B18CE4A0D008915C6 /* input-bar-background.png */,
				D381910C18CE4A0D008915C6 /* input-bar-background@2x.png */,
				D381910D18CE4A0D008915C6 /* input-field-cover.png */,
				D381910E18CE4A0E008915C6 /* input-field-cover@2x.png */,
				D381910F18CE4A0E008915C6 /* send-button-pressed.png */,
				D381911018CE4A0E008915C6 /* send-button-pressed@2x.png */,
				D381911118CE4A0E008915C6 /* send-button.png */,
				D381911218CE4A0E008915C6 /* send-button@2x.png */,
			);
			path = "input-bar-classic";
			sourceTree = "<group>";
		};
		D381911318CE4A0E008915C6 /* input-bar-flat */ = {
			isa = PBXGroup;
			children = (
				D381911418CE4A0E008915C6 /* button-photo.png */,
				D381911518CE4A0E008915C6 /* button-photo@2x.png */,
				D381911618CE4A0E008915C6 /* input-bar-flat.png */,
				D381911718CE4A0E008915C6 /* input-bar-flat@2x.png */,
			);
			path = "input-bar-flat";
			sourceTree = "<group>";
		};
		D381911818CE4A0E008915C6 /* Sounds */ = {
			isa = PBXGroup;
			children = (
				D381911918CE4A0E008915C6 /* message-received.aiff */,
				D381911A18CE4A0E008915C6 /* message-sent.aiff */,
			);
			path = Sounds;
			sourceTree = "<group>";
		};
		D381915318CE4C7D008915C6 /* JSQSystemSoundPlayer */ = {
			isa = PBXGroup;
			children = (
				D381915418CE4C7D008915C6 /* Classes */,
			);
			path = JSQSystemSoundPlayer;
			sourceTree = "<group>";
		};
		D381915418CE4C7D008915C6 /* Classes */ = {
			isa = PBXGroup;
			children = (
				D381915518CE4C7D008915C6 /* JSQSystemSoundPlayer.h */,
				D381915618CE4C7D008915C6 /* JSQSystemSoundPlayer.m */,
			);
			path = Classes;
			sourceTree = "<group>";
		};
		D3FB887B18C74D47008F7D2B = {
			isa = PBXGroup;
			children = (
				D3FB888D18C74D47008F7D2B /* MatchedUp */,
				D3FB88AF18C74D47008F7D2B /* MatchedUpTests */,
				D3FB888618C74D47008F7D2B /* Frameworks */,
				D3FB888518C74D47008F7D2B /* Products */,
			);
			sourceTree = "<group>";
		};
		D3FB888518C74D47008F7D2B /* Products */ = {
			isa = PBXGroup;
			children = (
				D3FB888418C74D47008F7D2B /* MatchedUp.app */,
				D3FB88A818C74D47008F7D2B /* MatchedUpTests.xctest */,
			);
			name = Products;
			sourceTree = "<group>";
		};
		D3FB888618C74D47008F7D2B /* Frameworks */ = {
			isa = PBXGroup;
			children = (
				D3FB88D918C76BC4008F7D2B /* FacebookSDK.framework */,
				D3FB88D718C765DC008F7D2B /* Parse.framework */,
				D3FB88C518C75167008F7D2B /* AudioToolbox.framework */,
				D3FB88C618C75167008F7D2B /* CFNetwork.framework */,
				D3FB88C718C75167008F7D2B /* CoreLocation.framework */,
				D3FB88C818C75167008F7D2B /* libz.dylib */,
				D3FB88C918C75167008F7D2B /* MobileCoreServices.framework */,
				D3FB88CA18C75167008F7D2B /* QuartzCore.framework */,
				D3FB88CB18C75167008F7D2B /* Security.framework */,
				D3FB88CC18C75167008F7D2B /* StoreKit.framework */,
				D3FB88CD18C75167008F7D2B /* SystemConfiguration.framework */,
				D3FB888718C74D47008F7D2B /* Foundation.framework */,
				D3FB888918C74D47008F7D2B /* CoreGraphics.framework */,
				D3FB888B18C74D47008F7D2B /* UIKit.framework */,
				D3FB88A918C74D47008F7D2B /* XCTest.framework */,
			);
			name = Frameworks;
			sourceTree = "<group>";
		};
		D3FB888D18C74D47008F7D2B /* MatchedUp */ = {
			isa = PBXGroup;
			children = (
				D3FB889618C74D47008F7D2B /* FMAppDelegate.h */,
				D3FB889718C74D47008F7D2B /* FMAppDelegate.m */,
				D3FB889918C74D47008F7D2B /* Main.storyboard */,
				D3729B5418CA726200A1EE98 /* Chat */,
				D3729B4618CA47CC00A1EE98 /* Create Parse User */,
				D3FB88E618C8AA94008F7D2B /* Edit Profile */,
				D3FB88E118C7D2E6008F7D2B /* Home */,
				D3FB88C218C74DF8008F7D2B /* Login */,
				D3729B4C18CA6F4800A1EE98 /* Match */,
				D3729B5018CA71FC00A1EE98 /* Matches */,
				D3FB88EA18C8B533008F7D2B /* Profile */,
				D3FB88E218C8A49A008F7D2B /* Settings */,
				D3FB88A218C74D47008F7D2B /* Images.xcassets */,
				D3FB888E18C74D47008F7D2B /* Supporting Files */,
			);
			path = MatchedUp;
			sourceTree = "<group>";
		};
		D3FB888E18C74D47008F7D2B /* Supporting Files */ = {
			isa = PBXGroup;
			children = (
				D381915318CE4C7D008915C6 /* JSQSystemSoundPlayer */,
				D38190CA18CE4A0D008915C6 /* JSMessagesViewController */,
				D3729B4A18CA48AE00A1EE98 /* IMG_2425.jpeg */,
				D3FB888F18C74D47008F7D2B /* MatchedUp-Info.plist */,
				D3FB889018C74D47008F7D2B /* InfoPlist.strings */,
				D3FB889318C74D47008F7D2B /* main.m */,
				D3FB889518C74D47008F7D2B /* MatchedUp-Prefix.pch */,
				D3FB88DB18C781BB008F7D2B /* FMConstants.h */,
				D3FB88DC18C781BB008F7D2B /* FMConstants.m */,
			);
			name = "Supporting Files";
			sourceTree = "<group>";
		};
		D3FB88AF18C74D47008F7D2B /* MatchedUpTests */ = {
			isa = PBXGroup;
			children = (
				D3FB88B518C74D47008F7D2B /* MatchedUpTests.m */,
				D3FB88B018C74D47008F7D2B /* Supporting Files */,
			);
			path = MatchedUpTests;
			sourceTree = "<group>";
		};
		D3FB88B018C74D47008F7D2B /* Supporting Files */ = {
			isa = PBXGroup;
			children = (
				D3FB88B118C74D47008F7D2B /* MatchedUpTests-Info.plist */,
				D3FB88B218C74D47008F7D2B /* InfoPlist.strings */,
			);
			name = "Supporting Files";
			sourceTree = "<group>";
		};
		D3FB88C218C74DF8008F7D2B /* Login */ = {
			isa = PBXGroup;
			children = (
				D3FB88BF18C74DDB008F7D2B /* FMLoginViewController.h */,
				D3FB88C018C74DDB008F7D2B /* FMLoginViewController.m */,
			);
			name = Login;
			sourceTree = "<group>";
		};
		D3FB88E118C7D2E6008F7D2B /* Home */ = {
			isa = PBXGroup;
			children = (
				D3FB88DE18C7D2DB008F7D2B /* FMHomeViewController.h */,
				D3FB88DF18C7D2DB008F7D2B /* FMHomeViewController.m */,
			);
			name = Home;
			sourceTree = "<group>";
		};
		D3FB88E218C8A49A008F7D2B /* Settings */ = {
			isa = PBXGroup;
			children = (
				D381915818CE59E1008915C6 /* defaultPrefsFile.plist */,
				D3FB88E318C8A584008F7D2B /* FMSettingsViewController.h */,
				D3FB88E418C8A584008F7D2B /* FMSettingsViewController.m */,
			);
			name = Settings;
			sourceTree = "<group>";
		};
		D3FB88E618C8AA94008F7D2B /* Edit Profile */ = {
			isa = PBXGroup;
			children = (
				D3FB88E718C8AAC8008F7D2B /* FMEditProfileViewController.h */,
				D3FB88E818C8AAC8008F7D2B /* FMEditProfileViewController.m */,
			);
			name = "Edit Profile";
			sourceTree = "<group>";
		};
		D3FB88EA18C8B533008F7D2B /* Profile */ = {
			isa = PBXGroup;
			children = (
				D3FB88EB18C8B551008F7D2B /* FMProfileViewController.h */,
				D3FB88EC18C8B551008F7D2B /* FMProfileViewController.m */,
			);
			name = Profile;
			sourceTree = "<group>";
		};
/* End PBXGroup section */

/* Begin PBXNativeTarget section */
		D3FB888318C74D47008F7D2B /* MatchedUp */ = {
			isa = PBXNativeTarget;
			buildConfigurationList = D3FB88B918C74D47008F7D2B /* Build configuration list for PBXNativeTarget "MatchedUp" */;
			buildPhases = (
				D3FB888018C74D47008F7D2B /* Sources */,
				D3FB888118C74D47008F7D2B /* Frameworks */,
				D3FB888218C74D47008F7D2B /* Resources */,
			);
			buildRules = (
			);
			dependencies = (
			);
			name = MatchedUp;
			productName = MatchedUp;
			productReference = D3FB888418C74D47008F7D2B /* MatchedUp.app */;
			productType = "com.apple.product-type.application";
		};
		D3FB88A718C74D47008F7D2B /* MatchedUpTests */ = {
			isa = PBXNativeTarget;
			buildConfigurationList = D3FB88BC18C74D47008F7D2B /* Build configuration list for PBXNativeTarget "MatchedUpTests" */;
			buildPhases = (
				D3FB88A418C74D47008F7D2B /* Sources */,
				D3FB88A518C74D47008F7D2B /* Frameworks */,
				D3FB88A618C74D47008F7D2B /* Resources */,
			);
			buildRules = (
			);
			dependencies = (
				D3FB88AE18C74D47008F7D2B /* PBXTargetDependency */,
			);
			name = MatchedUpTests;
			productName = MatchedUpTests;
			productReference = D3FB88A818C74D47008F7D2B /* MatchedUpTests.xctest */;
			productType = "com.apple.product-type.bundle.unit-test";
		};
/* End PBXNativeTarget section */

/* Begin PBXProject section */
		D3FB887C18C74D47008F7D2B /* Project object */ = {
			isa = PBXProject;
			attributes = {
				CLASSPREFIX = FM;
				LastUpgradeCheck = 0500;
				ORGANIZATIONNAME = "Fredrick Myers";
				TargetAttributes = {
					D3FB88A718C74D47008F7D2B = {
						TestTargetID = D3FB888318C74D47008F7D2B;
					};
				};
			};
			buildConfigurationList = D3FB887F18C74D47008F7D2B /* Build configuration list for PBXProject "MatchedUp" */;
			compatibilityVersion = "Xcode 3.2";
			developmentRegion = English;
			hasScannedForEncodings = 0;
			knownRegions = (
				en,
				Base,
			);
			mainGroup = D3FB887B18C74D47008F7D2B;
			productRefGroup = D3FB888518C74D47008F7D2B /* Products */;
			projectDirPath = "";
			projectRoot = "";
			targets = (
				D3FB888318C74D47008F7D2B /* MatchedUp */,
				D3FB88A718C74D47008F7D2B /* MatchedUpTests */,
			);
		};
/* End PBXProject section */

/* Begin PBXResourcesBuildPhase section */
		D3FB888218C74D47008F7D2B /* Resources */ = {
			isa = PBXResourcesBuildPhase;
			buildActionMask = 2147483647;
			files = (
				D381914C18CE4A0E008915C6 /* send-button@2x.png in Resources */,
				D381914418CE4A0E008915C6 /* bubble@2x.png in Resources */,
				D3FB88A318C74D47008F7D2B /* Images.xcassets in Resources */,
				D381914E18CE4A0E008915C6 /* button-photo@2x.png in Resources */,
				D381913D18CE4A0E008915C6 /* bubble-stroked-tailless.png in Resources */,
				D381913918CE4A0E008915C6 /* bubble-min-tailless.png in Resources */,
				D381915118CE4A0E008915C6 /* message-received.aiff in Resources */,
				D381912818CE4A0E008915C6 /* avatar-placeholder@2x.png in Resources */,
				D381915918CE59E1008915C6 /* defaultPrefsFile.plist in Resources */,
				D381913B18CE4A0E008915C6 /* bubble-min.png in Resources */,
				D381914118CE4A0E008915C6 /* bubble-tailless.png in Resources */,
				D381912C18CE4A0E008915C6 /* bubble-classic-gray@2x.png in Resources */,
				D381914818CE4A0E008915C6 /* input-field-cover@2x.png in Resources */,
				D381914D18CE4A0E008915C6 /* button-photo.png in Resources */,
				D381913E18CE4A0E008915C6 /* bubble-stroked-tailless@2x.png in Resources */,
				D381914F18CE4A0E008915C6 /* input-bar-flat.png in Resources */,
				D381913118CE4A0E008915C6 /* bubble-classic-typing.png in Resources */,
				D381913718CE4A0E008915C6 /* bubble-classic-square-selected.png in Resources */,
				D381915218CE4A0E008915C6 /* message-sent.aiff in Resources */,
				D381914018CE4A0E008915C6 /* bubble-stroked@2x.png in Resources */,
				D381913C18CE4A0E008915C6 /* bubble-min@2x.png in Resources */,
				D381914718CE4A0E008915C6 /* input-field-cover.png in Resources */,
				D381913518CE4A0E008915C6 /* bubble-classic-square-gray.png in Resources */,
				D381914218CE4A0E008915C6 /* bubble-tailless@2x.png in Resources */,
				D381912D18CE4A0E008915C6 /* bubble-classic-green.png in Resources */,
				D3FB889218C74D47008F7D2B /* InfoPlist.strings in Resources */,
				D381914B18CE4A0E008915C6 /* send-button.png in Resources */,
				D381912718CE4A0E008915C6 /* avatar-placeholder.png in Resources */,
				D3729B4B18CA48AE00A1EE98 /* IMG_2425.jpeg in Resources */,
				D381914918CE4A0E008915C6 /* send-button-pressed.png in Resources */,
				D381913618CE4A0E008915C6 /* bubble-classic-square-gray@2x.png in Resources */,
				D381915018CE4A0E008915C6 /* input-bar-flat@2x.png in Resources */,
				D3FB889B18C74D47008F7D2B /* Main.storyboard in Resources */,
				D381914318CE4A0E008915C6 /* bubble.png in Resources */,
				D381913018CE4A0E008915C6 /* bubble-classic-selected@2x.png in Resources */,
				D381912B18CE4A0E008915C6 /* bubble-classic-gray.png in Resources */,
				D381912E18CE4A0E008915C6 /* bubble-classic-green@2x.png in Resources */,
				D381914518CE4A0E008915C6 /* input-bar-background.png in Resources */,
				D381914A18CE4A0E008915C6 /* send-button-pressed@2x.png in Resources */,
				D381913F18CE4A0E008915C6 /* bubble-stroked.png in Resources */,
				D381913218CE4A0E008915C6 /* bubble-classic-typing@2x.png in Resources */,
				D381912F18CE4A0E008915C6 /* bubble-classic-selected.png in Resources */,
				D381913A18CE4A0E008915C6 /* bubble-min-tailless@2x.png in Resources */,
				D381913418CE4A0E008915C6 /* bubble-classic-square-blue@2x.png in Resources */,
				D381912918CE4A0E008915C6 /* bubble-classic-blue.png in Resources */,
				D381912A18CE4A0E008915C6 /* bubble-classic-blue@2x.png in Resources */,
				D381913318CE4A0E008915C6 /* bubble-classic-square-blue.png in Resources */,
				D381913818CE4A0E008915C6 /* bubble-classic-square-selected@2x.png in Resources */,
				D381914618CE4A0E008915C6 /* input-bar-background@2x.png in Resources */,
			);
			runOnlyForDeploymentPostprocessing = 0;
		};
		D3FB88A618C74D47008F7D2B /* Resources */ = {
			isa = PBXResourcesBuildPhase;
			buildActionMask = 2147483647;
			files = (
				D3FB88B418C74D47008F7D2B /* InfoPlist.strings in Resources */,
			);
			runOnlyForDeploymentPostprocessing = 0;
		};
/* End PBXResourcesBuildPhase section */

/* Begin PBXSourcesBuildPhase section */
		D3FB888018C74D47008F7D2B /* Sources */ = {
			isa = PBXSourcesBuildPhase;
			buildActionMask = 2147483647;
			files = (
				D3FB88E518C8A584008F7D2B /* FMSettingsViewController.m in Sources */,
				D381912118CE4A0E008915C6 /* JSBubbleView.m in Sources */,
				D3FB88E018C7D2DB008F7D2B /* FMHomeViewController.m in Sources */,
				D3729B5318CA721400A1EE98 /* FMMatchesViewController.m in Sources */,
				D3729B4918CA483300A1EE98 /* FMTestUser.m in Sources */,
				D381912418CE4A0E008915C6 /* JSMessageSoundEffect.m in Sources */,
				D3FB889418C74D47008F7D2B /* main.m in Sources */,
				D3FB88E918C8AAC8008F7D2B /* FMEditProfileViewController.m in Sources */,
				D3FB88C118C74DDB008F7D2B /* FMLoginViewController.m in Sources */,
				D3FB88DD18C781BB008F7D2B /* FMConstants.m in Sources */,
				D381915718CE4C7D008915C6 /* JSQSystemSoundPlayer.m in Sources */,
				D381911E18CE4A0E008915C6 /* JSAvatarImageFactory.m in Sources */,
				D3729B4F18CA6F8500A1EE98 /* FMMatchViewController.m in Sources */,
				D381912018CE4A0E008915C6 /* JSBubbleMessageCell.m in Sources */,
				D3FB889818C74D47008F7D2B /* FMAppDelegate.m in Sources */,
				D3FB88ED18C8B551008F7D2B /* FMProfileViewController.m in Sources */,
				D381912518CE4A0E008915C6 /* JSMessagesViewController.m in Sources */,
				D381912618CE4A0E008915C6 /* JSMessageTextView.m in Sources */,
				D381912218CE4A0E008915C6 /* JSDismissiveTextView.m in Sources */,
				D381911F18CE4A0E008915C6 /* JSBubbleImageViewFactory.m in Sources */,
				D381911C18CE4A0E008915C6 /* UIColor+JSMessagesView.m in Sources */,
				D381911D18CE4A0E008915C6 /* UIImage+JSMessagesView.m in Sources */,
				D3729BE718CA744900A1EE98 /* FMChatViewController.m in Sources */,
				D381911B18CE4A0E008915C6 /* NSString+JSMessagesView.m in Sources */,
				D381912318CE4A0E008915C6 /* JSMessageInputView.m in Sources */,
			);
			runOnlyForDeploymentPostprocessing = 0;
		};
		D3FB88A418C74D47008F7D2B /* Sources */ = {
			isa = PBXSourcesBuildPhase;
			buildActionMask = 2147483647;
			files = (
				D3FB88B618C74D47008F7D2B /* MatchedUpTests.m in Sources */,
			);
			runOnlyForDeploymentPostprocessing = 0;
		};
/* End PBXSourcesBuildPhase section */

/* Begin PBXTargetDependency section */
		D3FB88AE18C74D47008F7D2B /* PBXTargetDependency */ = {
			isa = PBXTargetDependency;
			target = D3FB888318C74D47008F7D2B /* MatchedUp */;
			targetProxy = D3FB88AD18C74D47008F7D2B /* PBXContainerItemProxy */;
		};
/* End PBXTargetDependency section */

/* Begin PBXVariantGroup section */
		D3FB889018C74D47008F7D2B /* InfoPlist.strings */ = {
			isa = PBXVariantGroup;
			children = (
				D3FB889118C74D47008F7D2B /* en */,
			);
			name = InfoPlist.strings;
			sourceTree = "<group>";
		};
		D3FB889918C74D47008F7D2B /* Main.storyboard */ = {
			isa = PBXVariantGroup;
			children = (
				D3FB889A18C74D47008F7D2B /* Base */,
			);
			name = Main.storyboard;
			sourceTree = "<group>";
		};
		D3FB88B218C74D47008F7D2B /* InfoPlist.strings */ = {
			isa = PBXVariantGroup;
			children = (
				D3FB88B318C74D47008F7D2B /* en */,
			);
			name = InfoPlist.strings;
			sourceTree = "<group>";
		};
/* End PBXVariantGroup section */

/* Begin XCBuildConfiguration section */
		D3FB88B718C74D47008F7D2B /* Debug */ = {
			isa = XCBuildConfiguration;
			buildSettings = {
				ALWAYS_SEARCH_USER_PATHS = NO;
				ARCHS = "$(ARCHS_STANDARD_INCLUDING_64_BIT)";
				CLANG_CXX_LANGUAGE_STANDARD = "gnu++0x";
				CLANG_CXX_LIBRARY = "libc++";
				CLANG_ENABLE_MODULES = YES;
				CLANG_ENABLE_OBJC_ARC = YES;
				CLANG_WARN_BOOL_CONVERSION = YES;
				CLANG_WARN_CONSTANT_CONVERSION = YES;
				CLANG_WARN_DIRECT_OBJC_ISA_USAGE = YES_ERROR;
				CLANG_WARN_EMPTY_BODY = YES;
				CLANG_WARN_ENUM_CONVERSION = YES;
				CLANG_WARN_INT_CONVERSION = YES;
				CLANG_WARN_OBJC_ROOT_CLASS = YES_ERROR;
				CLANG_WARN__DUPLICATE_METHOD_MATCH = YES;
				"CODE_SIGN_IDENTITY[sdk=iphoneos*]" = "iPhone Developer";
				COPY_PHASE_STRIP = NO;
				GCC_C_LANGUAGE_STANDARD = gnu99;
				GCC_DYNAMIC_NO_PIC = NO;
				GCC_OPTIMIZATION_LEVEL = 0;
				GCC_PREPROCESSOR_DEFINITIONS = (
					"DEBUG=1",
					"$(inherited)",
				);
				GCC_SYMBOLS_PRIVATE_EXTERN = NO;
				GCC_WARN_64_TO_32_BIT_CONVERSION = YES;
				GCC_WARN_ABOUT_RETURN_TYPE = YES_ERROR;
				GCC_WARN_UNDECLARED_SELECTOR = YES;
				GCC_WARN_UNINITIALIZED_AUTOS = YES;
				GCC_WARN_UNUSED_FUNCTION = YES;
				GCC_WARN_UNUSED_VARIABLE = YES;
				IPHONEOS_DEPLOYMENT_TARGET = 7.0;
				ONLY_ACTIVE_ARCH = YES;
				SDKROOT = iphoneos;
			};
			name = Debug;
		};
		D3FB88B818C74D47008F7D2B /* Release */ = {
			isa = XCBuildConfiguration;
			buildSettings = {
				ALWAYS_SEARCH_USER_PATHS = NO;
				ARCHS = "$(ARCHS_STANDARD_INCLUDING_64_BIT)";
				CLANG_CXX_LANGUAGE_STANDARD = "gnu++0x";
				CLANG_CXX_LIBRARY = "libc++";
				CLANG_ENABLE_MODULES = YES;
				CLANG_ENABLE_OBJC_ARC = YES;
				CLANG_WARN_BOOL_CONVERSION = YES;
				CLANG_WARN_CONSTANT_CONVERSION = YES;
				CLANG_WARN_DIRECT_OBJC_ISA_USAGE = YES_ERROR;
				CLANG_WARN_EMPTY_BODY = YES;
				CLANG_WARN_ENUM_CONVERSION = YES;
				CLANG_WARN_INT_CONVERSION = YES;
				CLANG_WARN_OBJC_ROOT_CLASS = YES_ERROR;
				CLANG_WARN__DUPLICATE_METHOD_MATCH = YES;
				"CODE_SIGN_IDENTITY[sdk=iphoneos*]" = "iPhone Developer";
				COPY_PHASE_STRIP = YES;
				ENABLE_NS_ASSERTIONS = NO;
				GCC_C_LANGUAGE_STANDARD = gnu99;
				GCC_WARN_64_TO_32_BIT_CONVERSION = YES;
				GCC_WARN_ABOUT_RETURN_TYPE = YES_ERROR;
				GCC_WARN_UNDECLARED_SELECTOR = YES;
				GCC_WARN_UNINITIALIZED_AUTOS = YES;
				GCC_WARN_UNUSED_FUNCTION = YES;
				GCC_WARN_UNUSED_VARIABLE = YES;
				IPHONEOS_DEPLOYMENT_TARGET = 7.0;
				SDKROOT = iphoneos;
				VALIDATE_PRODUCT = YES;
			};
			name = Release;
		};
		D3FB88BA18C74D47008F7D2B /* Debug */ = {
			isa = XCBuildConfiguration;
			buildSettings = {
				ASSETCATALOG_COMPILER_APPICON_NAME = AppIcon;
				ASSETCATALOG_COMPILER_LAUNCHIMAGE_NAME = LaunchImage;
				FRAMEWORK_SEARCH_PATHS = (
					"$(inherited)",
					/Users/fmyers/Downloads,
					/Users/fmyers/Projects/iOS/MatchedUp,
				);
				GCC_PRECOMPILE_PREFIX_HEADER = YES;
				GCC_PREFIX_HEADER = "MatchedUp/MatchedUp-Prefix.pch";
				INFOPLIST_FILE = "MatchedUp/MatchedUp-Info.plist";
				PRODUCT_NAME = "$(TARGET_NAME)";
				WRAPPER_EXTENSION = app;
			};
			name = Debug;
		};
		D3FB88BB18C74D47008F7D2B /* Release */ = {
			isa = XCBuildConfiguration;
			buildSettings = {
				ASSETCATALOG_COMPILER_APPICON_NAME = AppIcon;
				ASSETCATALOG_COMPILER_LAUNCHIMAGE_NAME = LaunchImage;
				FRAMEWORK_SEARCH_PATHS = (
					"$(inherited)",
					/Users/fmyers/Downloads,
					/Users/fmyers/Projects/iOS/MatchedUp,
				);
				GCC_PRECOMPILE_PREFIX_HEADER = YES;
				GCC_PREFIX_HEADER = "MatchedUp/MatchedUp-Prefix.pch";
				INFOPLIST_FILE = "MatchedUp/MatchedUp-Info.plist";
				PRODUCT_NAME = "$(TARGET_NAME)";
				WRAPPER_EXTENSION = app;
			};
			name = Release;
		};
		D3FB88BD18C74D47008F7D2B /* Debug */ = {
			isa = XCBuildConfiguration;
			buildSettings = {
				ARCHS = "$(ARCHS_STANDARD_INCLUDING_64_BIT)";
				BUNDLE_LOADER = "$(BUILT_PRODUCTS_DIR)/MatchedUp.app/MatchedUp";
				FRAMEWORK_SEARCH_PATHS = (
					"$(SDKROOT)/Developer/Library/Frameworks",
					"$(inherited)",
					"$(DEVELOPER_FRAMEWORKS_DIR)",
				);
				GCC_PRECOMPILE_PREFIX_HEADER = YES;
				GCC_PREFIX_HEADER = "MatchedUp/MatchedUp-Prefix.pch";
				GCC_PREPROCESSOR_DEFINITIONS = (
					"DEBUG=1",
					"$(inherited)",
				);
				INFOPLIST_FILE = "MatchedUpTests/MatchedUpTests-Info.plist";
				PRODUCT_NAME = "$(TARGET_NAME)";
				TEST_HOST = "$(BUNDLE_LOADER)";
				WRAPPER_EXTENSION = xctest;
			};
			name = Debug;
		};
		D3FB88BE18C74D47008F7D2B /* Release */ = {
			isa = XCBuildConfiguration;
			buildSettings = {
				ARCHS = "$(ARCHS_STANDARD_INCLUDING_64_BIT)";
				BUNDLE_LOADER = "$(BUILT_PRODUCTS_DIR)/MatchedUp.app/MatchedUp";
				FRAMEWORK_SEARCH_PATHS = (
					"$(SDKROOT)/Developer/Library/Frameworks",
					"$(inherited)",
					"$(DEVELOPER_FRAMEWORKS_DIR)",
				);
				GCC_PRECOMPILE_PREFIX_HEADER = YES;
				GCC_PREFIX_HEADER = "MatchedUp/MatchedUp-Prefix.pch";
				INFOPLIST_FILE = "MatchedUpTests/MatchedUpTests-Info.plist";
				PRODUCT_NAME = "$(TARGET_NAME)";
				TEST_HOST = "$(BUNDLE_LOADER)";
				WRAPPER_EXTENSION = xctest;
			};
			name = Release;
		};
/* End XCBuildConfiguration section */

/* Begin XCConfigurationList section */
		D3FB887F18C74D47008F7D2B /* Build configuration list for PBXProject "MatchedUp" */ = {
			isa = XCConfigurationList;
			buildConfigurations = (
				D3FB88B718C74D47008F7D2B /* Debug */,
				D3FB88B818C74D47008F7D2B /* Release */,
			);
			defaultConfigurationIsVisible = 0;
			defaultConfigurationName = Release;
		};
		D3FB88B918C74D47008F7D2B /* Build configuration list for PBXNativeTarget "MatchedUp" */ = {
			isa = XCConfigurationList;
			buildConfigurations = (
				D3FB88BA18C74D47008F7D2B /* Debug */,
				D3FB88BB18C74D47008F7D2B /* Release */,
			);
			defaultConfigurationIsVisible = 0;
			defaultConfigurationName = Release;
		};
		D3FB88BC18C74D47008F7D2B /* Build configuration list for PBXNativeTarget "MatchedUpTests" */ = {
			isa = XCConfigurationList;
			buildConfigurations = (
				D3FB88BD18C74D47008F7D2B /* Debug */,
				D3FB88BE18C74D47008F7D2B /* Release */,
			);
			defaultConfigurationIsVisible = 0;
			defaultConfigurationName = Release;
		};
/* End XCConfigurationList section */
	};
	rootObject = D3FB887C18C74D47008F7D2B /* Project object */;
}
